{
  "name": "server",
  "version": "1.0.0",
  "lockfileVersion": 1,
  "requires": true,
  "dependencies": {
    "@types/bcryptjs": {
      "version": "2.4.1",
      "resolved": "https://registry.npmjs.org/@types/bcryptjs/-/bcryptjs-2.4.1.tgz",
      "integrity": "sha512-CVJ8ExtzUQJzLJbEk/lWrHD3MTvstTodjWidcH23gCii5WSD0z1TPSLqSdtbn5eCDw+DxfKgoUALi+loe8ftXA=="
    },
    "@types/node": {
      "version": "7.0.48",
      "resolved": "https://registry.npmjs.org/@types/node/-/node-7.0.48.tgz",
      "integrity": "sha512-LLlXafM3BD52MH056tHxTXO8JFCnpJJQkdzIU3+m8ew+CXJY/5zIXgDNb4TK/QFvlI8QexLS5tL+sE0Qhegr1w=="
    },
    "@types/validator": {
      "version": "6.3.0",
      "resolved": "https://registry.npmjs.org/@types/validator/-/validator-6.3.0.tgz",
      "integrity": "sha512-fUc+9BEr1WWW8wVRl5I/pyRDGZNe9nH06kOzlGH3eN7N8VVPW/zSrE0Vdca6G2sRCVmIN/XuOenbmldAAyTYaw=="
    },
    "bcryptjs": {
      "version": "2.4.3",
      "resolved": "https://registry.npmjs.org/bcryptjs/-/bcryptjs-2.4.3.tgz",
      "integrity": "sha1-mrVie5PmBiH/fNrF2pczAn3x0Ms="
    },
    "cross-fetch": {
      "version": "0.0.8",
      "resolved": "https://registry.npmjs.org/cross-fetch/-/cross-fetch-0.0.8.tgz",
      "integrity": "sha1-Ae2U3EB98sAPGAf95wCnz6SKIFw=",
      "requires": {
        "node-fetch": "1.7.3",
        "whatwg-fetch": "2.0.3"
      }
    },
    "encoding": {
      "version": "0.1.12",
      "resolved": "https://registry.npmjs.org/encoding/-/encoding-0.1.12.tgz",
      "integrity": "sha1-U4tm8+5izRq1HsMjgp0flIDHS+s=",
      "requires": {
        "iconv-lite": "0.4.19"
      }
    },
    "graphcool-lib": {
      "version": "0.0.3",
      "resolved": "https://registry.npmjs.org/graphcool-lib/-/graphcool-lib-0.0.3.tgz",
      "integrity": "sha512-p41IfPBO8tqt+OEL7aAWS6mPMZDUj5T8PYYn1y5T7gOGHC3dssOHTxeXNXYKAP3ZRl6x4d1QrJqylbKGDsXRYA==",
      "requires": {
        "@types/node": "7.0.48",
        "graphql-request": "1.4.0",
        "source-map-support": "0.4.18"
      }
    },
    "graphql-request": {
      "version": "1.4.0",
      "resolved": "https://registry.npmjs.org/graphql-request/-/graphql-request-1.4.0.tgz",
      "integrity": "sha512-lAAbaq2IbeN4sGcgQgx/OtxEZ9UimpWawIEUYAw8Dk0yNAYPwWH79/ASdGrH/5aTvYHz3U7CjgoQmaiUpLJ3qw==",
      "requires": {
        "cross-fetch": "0.0.8"
      }
    },
    "iconv-lite": {
      "version": "0.4.19",
      "resolved": "https://registry.npmjs.org/iconv-lite/-/iconv-lite-0.4.19.tgz",
      "integrity": "sha512-oTZqweIP51xaGPI4uPa56/Pri/480R+mo7SeU+YETByQNhDG55ycFyNLIgta9vXhILrxXDmF7ZGhqZIcuN0gJQ=="
    },
    "is-stream": {
      "version": "1.1.0",
      "resolved": "https://registry.npmjs.org/is-stream/-/is-stream-1.1.0.tgz",
      "integrity": "sha1-EtSj3U5o4Lec6428hBc66A2RykQ="
    },
    "node-fetch": {
      "version": "1.7.3",
      "resolved": "https://registry.npmjs.org/node-fetch/-/node-fetch-1.7.3.tgz",
      "integrity": "sha512-NhZ4CsKx7cYm2vSrBAr2PvFOe6sWDf0UYLRqA6svUYg7+/TSfVAu49jYC4BvQ4Sms9SZgdqGBgroqfDhJdTyKQ==",
      "requires": {
        "encoding": "0.1.12",
        "is-stream": "1.1.0"
      }
    },
    "source-map": {
      "version": "0.5.7",
      "resolved": "https://registry.npmjs.org/source-map/-/source-map-0.5.7.tgz",
      "integrity": "sha1-igOdLRAh0i0eoUyA2OpGi6LvP8w="
    },
    "source-map-support": {
      "version": "0.4.18",
      "resolved": "https://registry.npmjs.org/source-map-support/-/source-map-support-0.4.18.tgz",
      "integrity": "sha512-try0/JqxPLF9nOjvSta7tVondkP5dwgyLDjVoyMDlmjugT2lRZ1OfsrYTkCd2hkDnJTKRbO/Rl3orm8vlsUzbA==",
      "requires": {
        "source-map": "0.5.7"
      }
    },
    "validator": {
      "version": "9.1.2",
      "resolved": "https://registry.npmjs.org/validator/-/validator-9.1.2.tgz",
      "integrity": "sha512-1Tml6crNdsSC61jHssWksQxq6C7MmSFCCmf99Eb+l/V/cwVlw4/Pg3YXBP1WKcHLsyqe3E+iJXUZgoTTQFcqQg=="
    },
    "whatwg-fetch": {
      "version": "2.0.3",
      "resolved": "https://registry.npmjs.org/whatwg-fetch/-/whatwg-fetch-2.0.3.tgz",
      "integrity": "sha1-nITsLc9oGH/wC8ZOEnS0QhduHIQ="
    }
  }
}
